// !$*UTF8*$!
{
	archiveVersion = 1;
	classes = {
	};
	objectVersion = 55;
	objects = {

/* Begin PBXBuildFile section */
		893FB9E927C38ACD00D646F9 /* AirhipTestApp.swift in Sources */ = {isa = PBXBuildFile; fileRef = 893FB9E827C38ACD00D646F9 /* AirhipTestApp.swift */; };
		893FB9EB27C38ACD00D646F9 /* ContentView.swift in Sources */ = {isa = PBXBuildFile; fileRef = 893FB9EA27C38ACD00D646F9 /* ContentView.swift */; };
		893FB9ED27C38ACE00D646F9 /* Assets.xcassets in Resources */ = {isa = PBXBuildFile; fileRef = 893FB9EC27C38ACE00D646F9 /* Assets.xcassets */; };
		893FB9F027C38ACE00D646F9 /* Preview Assets.xcassets in Resources */ = {isa = PBXBuildFile; fileRef = 893FB9EF27C38ACE00D646F9 /* Preview Assets.xcassets */; };
		893FB9FA27C38ACF00D646F9 /* AirhipTestTests.swift in Sources */ = {isa = PBXBuildFile; fileRef = 893FB9F927C38ACF00D646F9 /* AirhipTestTests.swift */; };
		893FBA0427C38ACF00D646F9 /* AirhipTestUITests.swift in Sources */ = {isa = PBXBuildFile; fileRef = 893FBA0327C38ACF00D646F9 /* AirhipTestUITests.swift */; };
		893FBA0627C38ACF00D646F9 /* AirhipTestUITestsLaunchTests.swift in Sources */ = {isa = PBXBuildFile; fileRef = 893FBA0527C38ACF00D646F9 /* AirhipTestUITestsLaunchTests.swift */; };
		893FBA1627C38BB700D646F9 /* AirshipAccengage in Frameworks */ = {isa = PBXBuildFile; productRef = 893FBA1527C38BB700D646F9 /* AirshipAccengage */; };
		893FBA1827C38BB700D646F9 /* AirshipCore in Frameworks */ = {isa = PBXBuildFile; productRef = 893FBA1727C38BB700D646F9 /* AirshipCore */; };
		893FBA1A27C38BB700D646F9 /* AirshipMessageCenter in Frameworks */ = {isa = PBXBuildFile; productRef = 893FBA1927C38BB700D646F9 /* AirshipMessageCenter */; };
		893FBA1C27C38C0C00D646F9 /* AppDelegate.swift in Sources */ = {isa = PBXBuildFile; fileRef = 893FBA1B27C38C0C00D646F9 /* AppDelegate.swift */; };
/* End PBXBuildFile section */

/* Begin PBXContainerItemProxy section */
		893FB9F627C38ACF00D646F9 /* PBXContainerItemProxy */ = {
			isa = PBXContainerItemProxy;
			containerPortal = 893FB9DD27C38ACD00D646F9 /* Project object */;
			proxyType = 1;
			remoteGlobalIDString = 893FB9E427C38ACD00D646F9;
			remoteInfo = AirhipTest;
		};
		893FBA0027C38ACF00D646F9 /* PBXContainerItemProxy */ = {
			isa = PBXContainerItemProxy;
			containerPortal = 893FB9DD27C38ACD00D646F9 /* Project object */;
			proxyType = 1;
			remoteGlobalIDString = 893FB9E427C38ACD00D646F9;
			remoteInfo = AirhipTest;
		};
/* End PBXContainerItemProxy section */

/* Begin PBXFileReference section */
		893FB9E527C38ACD00D646F9 /* AirshipTest.app */ = {isa = PBXFileReference; explicitFileType = wrapper.application; includeInIndex = 0; path = AirshipTest.app; sourceTree = BUILT_PRODUCTS_DIR; };
		893FB9E827C38ACD00D646F9 /* AirhipTestApp.swift */ = {isa = PBXFileReference; lastKnownFileType = sourcecode.swift; path = AirhipTestApp.swift; sourceTree = "<group>"; };
		893FB9EA27C38ACD00D646F9 /* ContentView.swift */ = {isa = PBXFileReference; lastKnownFileType = sourcecode.swift; path = ContentView.swift; sourceTree = "<group>"; };
		893FB9EC27C38ACE00D646F9 /* Assets.xcassets */ = {isa = PBXFileReference; lastKnownFileType = folder.assetcatalog; path = Assets.xcassets; sourceTree = "<group>"; };
		893FB9EF27C38ACE00D646F9 /* Preview Assets.xcassets */ = {isa = PBXFileReference; lastKnownFileType = folder.assetcatalog; path = "Preview Assets.xcassets"; sourceTree = "<group>"; };
		893FB9F527C38ACF00D646F9 /* AirhipTestTests.xctest */ = {isa = PBXFileReference; explicitFileType = wrapper.cfbundle; includeInIndex = 0; path = AirhipTestTests.xctest; sourceTree = BUILT_PRODUCTS_DIR; };
		893FB9F927C38ACF00D646F9 /* AirhipTestTests.swift */ = {isa = PBXFileReference; lastKnownFileType = sourcecode.swift; path = AirhipTestTests.swift; sourceTree = "<group>"; };
		893FB9FF27C38ACF00D646F9 /* AirhipTestUITests.xctest */ = {isa = PBXFileReference; explicitFileType = wrapper.cfbundle; includeInIndex = 0; path = AirhipTestUITests.xctest; sourceTree = BUILT_PRODUCTS_DIR; };
		893FBA0327C38ACF00D646F9 /* AirhipTestUITests.swift */ = {isa = PBXFileReference; lastKnownFileType = sourcecode.swift; path = AirhipTestUITests.swift; sourceTree = "<group>"; };
		893FBA0527C38ACF00D646F9 /* AirhipTestUITestsLaunchTests.swift */ = {isa = PBXFileReference; lastKnownFileType = sourcecode.swift; path = AirhipTestUITestsLaunchTests.swift; sourceTree = "<group>"; };
		893FBA1B27C38C0C00D646F9 /* AppDelegate.swift */ = {isa = PBXFileReference; lastKnownFileType = sourcecode.swift; path = AppDelegate.swift; sourceTree = "<group>"; };
		893FBA1D27C38F6600D646F9 /* Info.plist */ = {isa = PBXFileReference; lastKnownFileType = text.plist; path = Info.plist; sourceTree = "<group>"; };
/* End PBXFileReference section */

/* Begin PBXFrameworksBuildPhase section */
		893FB9E227C38ACD00D646F9 /* Frameworks */ = {
			isa = PBXFrameworksBuildPhase;
			buildActionMask = 2147483647;
			files = (
				893FBA1827C38BB700D646F9 /* AirshipCore in Frameworks */,
				893FBA1627C38BB700D646F9 /* AirshipAccengage in Frameworks */,
				893FBA1A27C38BB700D646F9 /* AirshipMessageCenter in Frameworks */,
			);
			runOnlyForDeploymentPostprocessing = 0;
		};
		893FB9F227C38ACF00D646F9 /* Frameworks */ = {
			isa = PBXFrameworksBuildPhase;
			buildActionMask = 2147483647;
			files = (
			);
			runOnlyForDeploymentPostprocessing = 0;
		};
		893FB9FC27C38ACF00D646F9 /* Frameworks */ = {
			isa = PBXFrameworksBuildPhase;
			buildActionMask = 2147483647;
			files = (
			);
			runOnlyForDeploymentPostprocessing = 0;
		};
/* End PBXFrameworksBuildPhase section */

/* Begin PBXGroup section */
		893FB9DC27C38ACD00D646F9 = {
			isa = PBXGroup;
			children = (
				893FB9E727C38ACD00D646F9 /* AirhipTest */,
				893FB9F827C38ACF00D646F9 /* AirhipTestTests */,
				893FBA0227C38ACF00D646F9 /* AirhipTestUITests */,
				893FB9E627C38ACD00D646F9 /* Products */,
			);
			sourceTree = "<group>";
		};
		893FB9E627C38ACD00D646F9 /* Products */ = {
			isa = PBXGroup;
			children = (
				893FB9E527C38ACD00D646F9 /* AirshipTest.app */,
				893FB9F527C38ACF00D646F9 /* AirhipTestTests.xctest */,
				893FB9FF27C38ACF00D646F9 /* AirhipTestUITests.xctest */,
			);
			name = Products;
			sourceTree = "<group>";
		};
		893FB9E727C38ACD00D646F9 /* AirhipTest */ = {
			isa = PBXGroup;
			children = (
				893FBA1D27C38F6600D646F9 /* Info.plist */,
				893FB9E827C38ACD00D646F9 /* AirhipTestApp.swift */,
				893FB9EA27C38ACD00D646F9 /* ContentView.swift */,
				893FB9EC27C38ACE00D646F9 /* Assets.xcassets */,
				893FB9EE27C38ACE00D646F9 /* Preview Content */,
				893FBA1B27C38C0C00D646F9 /* AppDelegate.swift */,
			);
			path = AirhipTest;
			sourceTree = "<group>";
		};
		893FB9EE27C38ACE00D646F9 /* Preview Content */ = {
			isa = PBXGroup;
			children = (
				893FB9EF27C38ACE00D646F9 /* Preview Assets.xcassets */,
			);
			path = "Preview Content";
			sourceTree = "<group>";
		};
		893FB9F827C38ACF00D646F9 /* AirhipTestTests */ = {
			isa = PBXGroup;
			children = (
				893FB9F927C38ACF00D646F9 /* AirhipTestTests.swift */,
			);
			path = AirhipTestTests;
			sourceTree = "<group>";
		};
		893FBA0227C38ACF00D646F9 /* AirhipTestUITests */ = {
			isa = PBXGroup;
			children = (
				893FBA0327C38ACF00D646F9 /* AirhipTestUITests.swift */,
				893FBA0527C38ACF00D646F9 /* AirhipTestUITestsLaunchTests.swift */,
			);
			path = AirhipTestUITests;
			sourceTree = "<group>";
		};
/* End PBXGroup section */

/* Begin PBXNativeTarget section */
		893FB9E427C38ACD00D646F9 /* AirhipTest */ = {
			isa = PBXNativeTarget;
			buildConfigurationList = 893FBA0927C38ACF00D646F9 /* Build configuration list for PBXNativeTarget "AirhipTest" */;
			buildPhases = (
				893FB9E127C38ACD00D646F9 /* Sources */,
				893FB9E227C38ACD00D646F9 /* Frameworks */,
				893FB9E327C38ACD00D646F9 /* Resources */,
			);
			buildRules = (
			);
			dependencies = (
			);
			name = AirhipTest;
			packageProductDependencies = (
				893FBA1527C38BB700D646F9 /* AirshipAccengage */,
				893FBA1727C38BB700D646F9 /* AirshipCore */,
				893FBA1927C38BB700D646F9 /* AirshipMessageCenter */,
			);
			productName = AirhipTest;
			productReference = 893FB9E527C38ACD00D646F9 /* AirshipTest.app */;
			productType = "com.apple.product-type.application";
		};
		893FB9F427C38ACF00D646F9 /* AirhipTestTests */ = {
			isa = PBXNativeTarget;
			buildConfigurationList = 893FBA0C27C38ACF00D646F9 /* Build configuration list for PBXNativeTarget "AirhipTestTests" */;
			buildPhases = (
				893FB9F127C38ACF00D646F9 /* Sources */,
				893FB9F227C38ACF00D646F9 /* Frameworks */,
				893FB9F327C38ACF00D646F9 /* Resources */,
			);
			buildRules = (
			);
			dependencies = (
				893FB9F727C38ACF00D646F9 /* PBXTargetDependency */,
			);
			name = AirhipTestTests;
			productName = AirhipTestTests;
			productReference = 893FB9F527C38ACF00D646F9 /* AirhipTestTests.xctest */;
			productType = "com.apple.product-type.bundle.unit-test";
		};
		893FB9FE27C38ACF00D646F9 /* AirhipTestUITests */ = {
			isa = PBXNativeTarget;
			buildConfigurationList = 893FBA0F27C38ACF00D646F9 /* Build configuration list for PBXNativeTarget "AirhipTestUITests" */;
			buildPhases = (
				893FB9FB27C38ACF00D646F9 /* Sources */,
				893FB9FC27C38ACF00D646F9 /* Frameworks */,
				893FB9FD27C38ACF00D646F9 /* Resources */,
			);
			buildRules = (
			);
			dependencies = (
				893FBA0127C38ACF00D646F9 /* PBXTargetDependency */,
			);
			name = AirhipTestUITests;
			productName = AirhipTestUITests;
			productReference = 893FB9FF27C38ACF00D646F9 /* AirhipTestUITests.xctest */;
			productType = "com.apple.product-type.bundle.ui-testing";
		};
/* End PBXNativeTarget section */

/* Begin PBXProject section */
		893FB9DD27C38ACD00D646F9 /* Project object */ = {
			isa = PBXProject;
			attributes = {
				BuildIndependentTargetsInParallel = 1;
				LastSwiftUpdateCheck = 1320;
				LastUpgradeCheck = 1320;
				TargetAttributes = {
					893FB9E427C38ACD00D646F9 = {
						CreatedOnToolsVersion = 13.2.1;
					};
					893FB9F427C38ACF00D646F9 = {
						CreatedOnToolsVersion = 13.2.1;
						TestTargetID = 893FB9E427C38ACD00D646F9;
					};
					893FB9FE27C38ACF00D646F9 = {
						CreatedOnToolsVersion = 13.2.1;
						TestTargetID = 893FB9E427C38ACD00D646F9;
					};
				};
			};
			buildConfigurationList = 893FB9E027C38ACD00D646F9 /* Build configuration list for PBXProject "AirhipTest" */;
			compatibilityVersion = "Xcode 13.0";
			developmentRegion = en;
			hasScannedForEncodings = 0;
			knownRegions = (
				en,
				Base,
			);
			mainGroup = 893FB9DC27C38ACD00D646F9;
			packageReferences = (
				893FBA1227C38BB700D646F9 /* XCRemoteSwiftPackageReference "ios-library" */,
			);
			productRefGroup = 893FB9E627C38ACD00D646F9 /* Products */;
			projectDirPath = "";
			projectRoot = "";
			targets = (
				893FB9E427C38ACD00D646F9 /* AirhipTest */,
				893FB9F427C38ACF00D646F9 /* AirhipTestTests */,
				893FB9FE27C38ACF00D646F9 /* AirhipTestUITests */,
			);
		};
/* End PBXProject section */

/* Begin PBXResourcesBuildPhase section */
		893FB9E327C38ACD00D646F9 /* Resources */ = {
			isa = PBXResourcesBuildPhase;
			buildActionMask = 2147483647;
			files = (
				893FB9F027C38ACE00D646F9 /* Preview Assets.xcassets in Resources */,
				893FB9ED27C38ACE00D646F9 /* Assets.xcassets in Resources */,
			);
			runOnlyForDeploymentPostprocessing = 0;
		};
		893FB9F327C38ACF00D646F9 /* Resources */ = {
			isa = PBXResourcesBuildPhase;
			buildActionMask = 2147483647;
			files = (
			);
			runOnlyForDeploymentPostprocessing = 0;
		};
		893FB9FD27C38ACF00D646F9 /* Resources */ = {
			isa = PBXResourcesBuildPhase;
			buildActionMask = 2147483647;
			files = (
			);
			runOnlyForDeploymentPostprocessing = 0;
		};
/* End PBXResourcesBuildPhase section */

/* Begin PBXSourcesBuildPhase section */
		893FB9E127C38ACD00D646F9 /* Sources */ = {
			isa = PBXSourcesBuildPhase;
			buildActionMask = 2147483647;
			files = (
				893FBA1C27C38C0C00D646F9 /* AppDelegate.swift in Sources */,
				893FB9EB27C38ACD00D646F9 /* ContentView.swift in Sources */,
				893FB9E927C38ACD00D646F9 /* AirhipTestApp.swift in Sources */,
			);
			runOnlyForDeploymentPostprocessing = 0;
		};
		893FB9F127C38ACF00D646F9 /* Sources */ = {
			isa = PBXSourcesBuildPhase;
			buildActionMask = 2147483647;
			files = (
				893FB9FA27C38ACF00D646F9 /* AirhipTestTests.swift in Sources */,
			);
			runOnlyForDeploymentPostprocessing = 0;
		};
		893FB9FB27C38ACF00D646F9 /* Sources */ = {
			isa = PBXSourcesBuildPhase;
			buildActionMask = 2147483647;
			files = (
				893FBA0427C38ACF00D646F9 /* AirhipTestUITests.swift in Sources */,
				893FBA0627C38ACF00D646F9 /* AirhipTestUITestsLaunchTests.swift in Sources */,
			);
			runOnlyForDeploymentPostprocessing = 0;
		};
/* End PBXSourcesBuildPhase section */

/* Begin PBXTargetDependency section */
		893FB9F727C38ACF00D646F9 /* PBXTargetDependency */ = {
			isa = PBXTargetDependency;
			target = 893FB9E427C38ACD00D646F9 /* AirhipTest */;
			targetProxy = 893FB9F627C38ACF00D646F9 /* PBXContainerItemProxy */;
		};
		893FBA0127C38ACF00D646F9 /* PBXTargetDependency */ = {
			isa = PBXTargetDependency;
			target = 893FB9E427C38ACD00D646F9 /* AirhipTest */;
			targetProxy = 893FBA0027C38ACF00D646F9 /* PBXContainerItemProxy */;
		};
/* End PBXTargetDependency section */

/* Begin XCBuildConfiguration section */
		893FBA0727C38ACF00D646F9 /* Debug */ = {
			isa = XCBuildConfiguration;
			buildSettings = {
				ALWAYS_SEARCH_USER_PATHS = NO;
				CLANG_ANALYZER_NONNULL = YES;
				CLANG_ANALYZER_NUMBER_OBJECT_CONVERSION = YES_AGGRESSIVE;
				CLANG_CXX_LANGUAGE_STANDARD = "gnu++17";
				CLANG_CXX_LIBRARY = "libc++";
				CLANG_ENABLE_MODULES = YES;
				CLANG_ENABLE_OBJC_ARC = YES;
				CLANG_ENABLE_OBJC_WEAK = YES;
				CLANG_WARN_BLOCK_CAPTURE_AUTORELEASING = YES;
				CLANG_WARN_BOOL_CONVERSION = YES;
				CLANG_WARN_COMMA = YES;
				CLANG_WARN_CONSTANT_CONVERSION = YES;
				CLANG_WARN_DEPRECATED_OBJC_IMPLEMENTATIONS = YES;
				CLANG_WARN_DIRECT_OBJC_ISA_USAGE = YES_ERROR;
				CLANG_WARN_DOCUMENTATION_COMMENTS = YES;
				CLANG_WARN_EMPTY_BODY = YES;
				CLANG_WARN_ENUM_CONVERSION = YES;
				CLANG_WARN_INFINITE_RECURSION = YES;
				CLANG_WARN_INT_CONVERSION = YES;
				CLANG_WARN_NON_LITERAL_NULL_CONVERSION = YES;
				CLANG_WARN_OBJC_IMPLICIT_RETAIN_SELF = YES;
				CLANG_WARN_OBJC_LITERAL_CONVERSION = YES;
				CLANG_WARN_OBJC_ROOT_CLASS = YES_ERROR;
				CLANG_WARN_QUOTED_INCLUDE_IN_FRAMEWORK_HEADER = YES;
				CLANG_WARN_RANGE_LOOP_ANALYSIS = YES;
				CLANG_WARN_STRICT_PROTOTYPES = YES;
				CLANG_WARN_SUSPICIOUS_MOVE = YES;
				CLANG_WARN_UNGUARDED_AVAILABILITY = YES_AGGRESSIVE;
				CLANG_WARN_UNREACHABLE_CODE = YES;
				CLANG_WARN__DUPLICATE_METHOD_MATCH = YES;
				COPY_PHASE_STRIP = NO;
				DEBUG_INFORMATION_FORMAT = dwarf;
				ENABLE_STRICT_OBJC_MSGSEND = YES;
				ENABLE_TESTABILITY = YES;
				GCC_C_LANGUAGE_STANDARD = gnu11;
				GCC_DYNAMIC_NO_PIC = NO;
				GCC_NO_COMMON_BLOCKS = YES;
				GCC_OPTIMIZATION_LEVEL = 0;
				GCC_PREPROCESSOR_DEFINITIONS = (
					"DEBUG=1",
					"$(inherited)",
				);
				GCC_WARN_64_TO_32_BIT_CONVERSION = YES;
				GCC_WARN_ABOUT_RETURN_TYPE = YES_ERROR;
				GCC_WARN_UNDECLARED_SELECTOR = YES;
				GCC_WARN_UNINITIALIZED_AUTOS = YES_AGGRESSIVE;
				GCC_WARN_UNUSED_FUNCTION = YES;
				GCC_WARN_UNUSED_VARIABLE = YES;
				IPHONEOS_DEPLOYMENT_TARGET = 14.0;
				MTL_ENABLE_DEBUG_INFO = INCLUDE_SOURCE;
				MTL_FAST_MATH = YES;
				ONLY_ACTIVE_ARCH = YES;
				SDKROOT = iphoneos;
				SWIFT_ACTIVE_COMPILATION_CONDITIONS = DEBUG;
				SWIFT_OPTIMIZATION_LEVEL = "-Onone";
			};
			name = Debug;
		};
		893FBA0827C38ACF00D646F9 /* Release */ = {
			isa = XCBuildConfiguration;
			buildSettings = {
				ALWAYS_SEARCH_USER_PATHS = NO;
				CLANG_ANALYZER_NONNULL = YES;
				CLANG_ANALYZER_NUMBER_OBJECT_CONVERSION = YES_AGGRESSIVE;
				CLANG_CXX_LANGUAGE_STANDARD = "gnu++17";
				CLANG_CXX_LIBRARY = "libc++";
				CLANG_ENABLE_MODULES = YES;
				CLANG_ENABLE_OBJC_ARC = YES;
				CLANG_ENABLE_OBJC_WEAK = YES;
				CLANG_WARN_BLOCK_CAPTURE_AUTORELEASING = YES;
				CLANG_WARN_BOOL_CONVERSION = YES;
				CLANG_WARN_COMMA = YES;
				CLANG_WARN_CONSTANT_CONVERSION = YES;
				CLANG_WARN_DEPRECATED_OBJC_IMPLEMENTATIONS = YES;
				CLANG_WARN_DIRECT_OBJC_ISA_USAGE = YES_ERROR;
				CLANG_WARN_DOCUMENTATION_COMMENTS = YES;
				CLANG_WARN_EMPTY_BODY = YES;
				CLANG_WARN_ENUM_CONVERSION = YES;
				CLANG_WARN_INFINITE_RECURSION = YES;
				CLANG_WARN_INT_CONVERSION = YES;
				CLANG_WARN_NON_LITERAL_NULL_CONVERSION = YES;
				CLANG_WARN_OBJC_IMPLICIT_RETAIN_SELF = YES;
				CLANG_WARN_OBJC_LITERAL_CONVERSION = YES;
				CLANG_WARN_OBJC_ROOT_CLASS = YES_ERROR;
				CLANG_WARN_QUOTED_INCLUDE_IN_FRAMEWORK_HEADER = YES;
				CLANG_WARN_RANGE_LOOP_ANALYSIS = YES;
				CLANG_WARN_STRICT_PROTOTYPES = YES;
				CLANG_WARN_SUSPICIOUS_MOVE = YES;
				CLANG_WARN_UNGUARDED_AVAILABILITY = YES_AGGRESSIVE;
				CLANG_WARN_UNREACHABLE_CODE = YES;
				CLANG_WARN__DUPLICATE_METHOD_MATCH = YES;
				COPY_PHASE_STRIP = NO;
				DEBUG_INFORMATION_FORMAT = "dwarf-with-dsym";
				ENABLE_NS_ASSERTIONS = NO;
				ENABLE_STRICT_OBJC_MSGSEND = YES;
				GCC_C_LANGUAGE_STANDARD = gnu11;
				GCC_NO_COMMON_BLOCKS = YES;
				GCC_WARN_64_TO_32_BIT_CONVERSION = YES;
				GCC_WARN_ABOUT_RETURN_TYPE = YES_ERROR;
				GCC_WARN_UNDECLARED_SELECTOR = YES;
				GCC_WARN_UNINITIALIZED_AUTOS = YES_AGGRESSIVE;
				GCC_WARN_UNUSED_FUNCTION = YES;
				GCC_WARN_UNUSED_VARIABLE = YES;
				IPHONEOS_DEPLOYMENT_TARGET = 14.0;
				MTL_ENABLE_DEBUG_INFO = NO;
				MTL_FAST_MATH = YES;
				SDKROOT = iphoneos;
				SWIFT_COMPILATION_MODE = wholemodule;
				SWIFT_OPTIMIZATION_LEVEL = "-O";
				VALIDATE_PRODUCT = YES;
			};
			name = Release;
		};
		893FBA0A27C38ACF00D646F9 /* Debug */ = {
			isa = XCBuildConfiguration;
			buildSettings = {
				ASSETCATALOG_COMPILER_APPICON_NAME = AppIcon;
				ASSETCATALOG_COMPILER_GLOBAL_ACCENT_COLOR_NAME = AccentColor;
				CODE_SIGN_STYLE = Automatic;
				CURRENT_PROJECT_VERSION = 1;
				DEVELOPMENT_ASSET_PATHS = "\"AirhipTest/Preview Content\"";
				ENABLE_PREVIEWS = YES;
				GENERATE_INFOPLIST_FILE = YES;
				INFOPLIST_FILE = AirhipTest/Info.plist;
				INFOPLIST_KEY_CFBundleDisplayName = AirshipTest;
				INFOPLIST_KEY_UIApplicationSceneManifest_Generation = YES;
				INFOPLIST_KEY_UIApplicationSupportsIndirectInputEvents = YES;
				INFOPLIST_KEY_UILaunchScreen_Generation = YES;
				INFOPLIST_KEY_UISupportedInterfaceOrientations_iPad = "UIInterfaceOrientationPortrait UIInterfaceOrientationPortraitUpsideDown UIInterfaceOrientationLandscapeLeft UIInterfaceOrientationLandscapeRight";
				INFOPLIST_KEY_UISupportedInterfaceOrientations_iPhone = "UIInterfaceOrientationPortrait UIInterfaceOrientationLandscapeLeft UIInterfaceOrientationLandscapeRight";
				LD_RUNPATH_SEARCH_PATHS = (
					"$(inherited)",
					"@executable_path/Frameworks",
				);
				MARKETING_VERSION = 1.0;
				PRODUCT_BUNDLE_IDENTIFIER = com.test;
				PRODUCT_NAME = AirshipTest;
				SWIFT_EMIT_LOC_STRINGS = YES;
				SWIFT_VERSION = 5.0;
				TARGETED_DEVICE_FAMILY = "1,2";
			};
			name = Debug;
		};
		893FBA0B27C38ACF00D646F9 /* Release */ = {
			isa = XCBuildConfiguration;
			buildSettings = {
				ASSETCATALOG_COMPILER_APPICON_NAME = AppIcon;
				ASSETCATALOG_COMPILER_GLOBAL_ACCENT_COLOR_NAME = AccentColor;
				CODE_SIGN_STYLE = Automatic;
				CURRENT_PROJECT_VERSION = 1;
				DEVELOPMENT_ASSET_PATHS = "\"AirhipTest/Preview Content\"";
				ENABLE_PREVIEWS = YES;
				GENERATE_INFOPLIST_FILE = YES;
				INFOPLIST_FILE = AirhipTest/Info.plist;
				INFOPLIST_KEY_CFBundleDisplayName = AirshipTest;
				INFOPLIST_KEY_UIApplicationSceneManifest_Generation = YES;
				INFOPLIST_KEY_UIApplicationSupportsIndirectInputEvents = YES;
				INFOPLIST_KEY_UILaunchScreen_Generation = YES;
				INFOPLIST_KEY_UISupportedInterfaceOrientations_iPad = "UIInterfaceOrientationPortrait UIInterfaceOrientationPortraitUpsideDown UIInterfaceOrientationLandscapeLeft UIInterfaceOrientationLandscapeRight";
				INFOPLIST_KEY_UISupportedInterfaceOrientations_iPhone = "UIInterfaceOrientationPortrait UIInterfaceOrientationLandscapeLeft UIInterfaceOrientationLandscapeRight";
				LD_RUNPATH_SEARCH_PATHS = (
					"$(inherited)",
					"@executable_path/Frameworks",
				);
				MARKETING_VERSION = 1.0;
				PRODUCT_BUNDLE_IDENTIFIER = com.test;
				PRODUCT_NAME = AirshipTest;
				SWIFT_EMIT_LOC_STRINGS = YES;
				SWIFT_VERSION = 5.0;
				TARGETED_DEVICE_FAMILY = "1,2";
			};
			name = Release;
		};
		893FBA0D27C38ACF00D646F9 /* Debug */ = {
			isa = XCBuildConfiguration;
			buildSettings = {
				ALWAYS_EMBED_SWIFT_STANDARD_LIBRARIES = YES;
				BUNDLE_LOADER = "$(TEST_HOST)";
				CODE_SIGN_STYLE = Automatic;
				CURRENT_PROJECT_VERSION = 1;
				GENERATE_INFOPLIST_FILE = YES;
				IPHONEOS_DEPLOYMENT_TARGET = 14.0;
				MARKETING_VERSION = 1.0;
				PRODUCT_NAME = "$(TARGET_NAME)";
				SWIFT_EMIT_LOC_STRINGS = NO;
				SWIFT_VERSION = 5.0;
				TARGETED_DEVICE_FAMILY = "1,2";
				TEST_HOST = "$(BUILT_PRODUCTS_DIR)/AirshipTest.app/AirhipTest";
			};
			name = Debug;
		};
		893FBA0E27C38ACF00D646F9 /* Release */ = {
			isa = XCBuildConfiguration;
			buildSettings = {
				ALWAYS_EMBED_SWIFT_STANDARD_LIBRARIES = YES;
				BUNDLE_LOADER = "$(TEST_HOST)";
				CODE_SIGN_STYLE = Automatic;
				CURRENT_PROJECT_VERSION = 1;
				GENERATE_INFOPLIST_FILE = YES;
				IPHONEOS_DEPLOYMENT_TARGET = 14.0;
				MARKETING_VERSION = 1.0;
				PRODUCT_NAME = "$(TARGET_NAME)";
				SWIFT_EMIT_LOC_STRINGS = NO;
				SWIFT_VERSION = 5.0;
				TARGETED_DEVICE_FAMILY = "1,2";
				TEST_HOST = "$(BUILT_PRODUCTS_DIR)/AirshipTest.app/AirhipTest";
			};
			name = Release;
		};
		893FBA1027C38ACF00D646F9 /* Debug */ = {
			isa = XCBuildConfiguration;
			buildSettings = {
				ALWAYS_EMBED_SWIFT_STANDARD_LIBRARIES = YES;
				CODE_SIGN_STYLE = Automatic;
				CURRENT_PROJECT_VERSION = 1;
				GENERATE_INFOPLIST_FILE = YES;
				MARKETING_VERSION = 1.0;
				PRODUCT_BUNDLE_IDENTIFIER = com.test.AirhipTestUITests;
				PRODUCT_NAME = "$(TARGET_NAME)";
				SWIFT_EMIT_LOC_STRINGS = NO;
				SWIFT_VERSION = 5.0;
				TARGETED_DEVICE_FAMILY = "1,2";
				TEST_TARGET_NAME = AirshipTest;
			};
			name = Debug;
		};
		893FBA1127C38ACF00D646F9 /* Release */ = {
			isa = XCBuildConfiguration;
			buildSettings = {
				ALWAYS_EMBED_SWIFT_STANDARD_LIBRARIES = YES;
				CODE_SIGN_STYLE = Automatic;
				CURRENT_PROJECT_VERSION = 1;
				GENERATE_INFOPLIST_FILE = YES;
				MARKETING_VERSION = 1.0;
				PRODUCT_BUNDLE_IDENTIFIER = com.test.AirhipTestUITests;
				PRODUCT_NAME = "$(TARGET_NAME)";
				SWIFT_EMIT_LOC_STRINGS = NO;
				SWIFT_VERSION = 5.0;
				TARGETED_DEVICE_FAMILY = "1,2";
				TEST_TARGET_NAME = AirshipTest;
			};
			name = Release;
		};
/* End XCBuildConfiguration section */

/* Begin XCConfigurationList section */
		893FB9E027C38ACD00D646F9 /* Build configuration list for PBXProject "AirhipTest" */ = {
			isa = XCConfigurationList;
			buildConfigurations = (
				893FBA0727C38ACF00D646F9 /* Debug */,
				893FBA0827C38ACF00D646F9 /* Release */,
			);
			defaultConfigurationIsVisible = 0;
			defaultConfigurationName = Release;
		};
		893FBA0927C38ACF00D646F9 /* Build configuration list for PBXNativeTarget "AirhipTest" */ = {
			isa = XCConfigurationList;
			buildConfigurations = (
				893FBA0A27C38ACF00D646F9 /* Debug */,
				893FBA0B27C38ACF00D646F9 /* Release */,
			);
			defaultConfigurationIsVisible = 0;
			defaultConfigurationName = Release;
		};
		893FBA0C27C38ACF00D646F9 /* Build configuration list for PBXNativeTarget "AirhipTestTests" */ = {
			isa = XCConfigurationList;
			buildConfigurations = (
				893FBA0D27C38ACF00D646F9 /* Debug */,
				893FBA0E27C38ACF00D646F9 /* Release */,
			);
			defaultConfigurationIsVisible = 0;
			defaultConfigurationName = Release;
		};
		893FBA0F27C38ACF00D646F9 /* Build configuration list for PBXNativeTarget "AirhipTestUITests" */ = {
			isa = XCConfigurationList;
			buildConfigurations = (
				893FBA1027C38ACF00D646F9 /* Debug */,
				893FBA1127C38ACF00D646F9 /* Release */,
			);
			defaultConfigurationIsVisible = 0;
			defaultConfigurationName = Release;
		};
/* End XCConfigurationList section */

/* Begin XCRemoteSwiftPackageReference section */
		893FBA1227C38BB700D646F9 /* XCRemoteSwiftPackageReference "ios-library" */ = {
			isa = XCRemoteSwiftPackageReference;
			repositoryURL = "https://github.com/urbanairship/ios-library";
			requirement = {
				kind = exactVersion;
				version = 14.4.1;
			};
		};
/* End XCRemoteSwiftPackageReference section */

/* Begin XCSwiftPackageProductDependency section */
		893FBA1527C38BB700D646F9 /* AirshipAccengage */ = {
			isa = XCSwiftPackageProductDependency;
			package = 893FBA1227C38BB700D646F9 /* XCRemoteSwiftPackageReference "ios-library" */;
			productName = AirshipAccengage;
		};
		893FBA1727C38BB700D646F9 /* AirshipCore */ = {
			isa = XCSwiftPackageProductDependency;
			package = 893FBA1227C38BB700D646F9 /* XCRemoteSwiftPackageReference "ios-library" */;
			productName = AirshipCore;
		};
		893FBA1927C38BB700D646F9 /* AirshipMessageCenter */ = {
			isa = XCSwiftPackageProductDependency;
			package = 893FBA1227C38BB700D646F9 /* XCRemoteSwiftPackageReference "ios-library" */;
			productName = AirshipMessageCenter;
		};
/* End XCSwiftPackageProductDependency section */
	};
	rootObject = 893FB9DD27C38ACD00D646F9 /* Project object */;
}
